
Microsoft Visual Studio Solution File, Format Version 12.00
# Visual Studio Version 17
VisualStudioVersion = 17.9.34607.119
MinimumVisualStudioVersion = 10.0.40219.1
Project("{9A19103F-16F7-4668-BE54-9A1E7A4F7556}") = "ApiPizzaCache", "ApiPizzaCache\ApiPizzaCache.csproj", "{B7E99FFF-271F-4F8C-8922-D0D20ED0FBB4}"
EndProject
Project("{E53339B2-1760-4266-BCC7-CA923CBCF16C}") = "docker-compose", "docker-compose.dcproj", "{4A5F30E7-EC0F-4987-BD2A-66623D47EC16}"
EndProject
Global
	GlobalSection(SolutionConfigurationPlatforms) = preSolution
		Debug|Any CPU = Debug|Any CPU
		Release|Any CPU = Release|Any CPU
	EndGlobalSection
	GlobalSection(ProjectConfigurationPlatforms) = postSolution
		{B7E99FFF-271F-4F8C-8922-D0D20ED0FBB4}.Debug|Any CPU.ActiveCfg = Debug|Any CPU
		{B7E99FFF-271F-4F8C-8922-D0D20ED0FBB4}.Debug|Any CPU.Build.0 = Debug|Any CPU
		{B7E99FFF-271F-4F8C-8922-D0D20ED0FBB4}.Release|Any CPU.ActiveCfg = Release|Any CPU
		{B7E99FFF-271F-4F8C-8922-D0D20ED0FBB4}.Release|Any CPU.Build.0 = Release|Any CPU
		{4A5F30E7-EC0F-4987-BD2A-66623D47EC16}.Debug|Any CPU.ActiveCfg = Debug|Any CPU
		{4A5F30E7-EC0F-4987-BD2A-66623D47EC16}.Debug|Any CPU.Build.0 = Debug|Any CPU
		{4A5F30E7-EC0F-4987-BD2A-66623D47EC16}.Release|Any CPU.ActiveCfg = Release|Any CPU
		{4A5F30E7-EC0F-4987-BD2A-66623D47EC16}.Release|Any CPU.Build.0 = Release|Any CPU
	EndGlobalSection
	GlobalSection(SolutionProperties) = preSolution
		HideSolutionNode = FALSE
	EndGlobalSection
	GlobalSection(ExtensibilityGlobals) = postSolution
		SolutionGuid = {0E093095-BEF3-4F78-8313-4E7CE61EF742}
	EndGlobalSection
EndGlobal
